
Microsoft Visual Studio Solution File, Format Version 12.00
# Visual Studio Version 17
VisualStudioVersion = 17.7.34024.191
MinimumVisualStudioVersion = 10.0.40219.1
Project("{FAE04EC0-301F-11D3-BF4B-00C04F79EFBC}") = "p2", "p2\p2.csproj", "{3A933114-42B4-47D0-9108-AFA7E9E2DD14}"
EndProject
Global
	GlobalSection(SolutionConfigurationPlatforms) = preSolution
		Debug|Any CPU = Debug|Any CPU
		Release|Any CPU = Release|Any CPU
	EndGlobalSection
	GlobalSection(ProjectConfigurationPlatforms) = postSolution
		{3A933114-42B4-47D0-9108-AFA7E9E2DD14}.Debug|Any CPU.ActiveCfg = Debug|Any CPU
		{3A933114-42B4-47D0-9108-AFA7E9E2DD14}.Debug|Any CPU.Build.0 = Debug|Any CPU
		{3A933114-42B4-47D0-9108-AFA7E9E2DD14}.Release|Any CPU.ActiveCfg = Release|Any CPU
		{3A933114-42B4-47D0-9108-AFA7E9E2DD14}.Release|Any CPU.Build.0 = Release|Any CPU
	EndGlobalSection
	GlobalSection(SolutionProperties) = preSolution
		HideSolutionNode = FALSE
	EndGlobalSection
	GlobalSection(ExtensibilityGlobals) = postSolution
		SolutionGuid = {282940C1-626E-415D-B8F5-E3DD818508C0}
	EndGlobalSection
EndGlobal
